
Microsoft Visual Studio Solution File, Format Version 12.00
# Visual Studio 14
VisualStudioVersion = 14.0.23107.0
MinimumVisualStudioVersion = 10.0.40219.1
Project("{FAE04EC0-301F-11D3-BF4B-00C04F79EFBC}") = "LO30.Web.Api", "LO30.Web.Api\LO30.Web.Api.csproj", "{704943C1-22F7-4752-AAE2-8F4B9F00A4A9}"
EndProject
Project("{FAE04EC0-301F-11D3-BF4B-00C04F79EFBC}") = "LO30.Data", "..\..\LO30.Data\LO30.Data\LO30.Data.csproj", "{8AED56FA-660F-4BB6-9837-DEA21CF73BDF}"
EndProject
Project("{2150E333-8FDC-42A3-9474-1A3956D46DE8}") = "Solution Items", "Solution Items", "{66CF16F0-92EF-45B2-A8DE-BB164DAB2218}"
	ProjectSection(SolutionItems) = preProject
		ConnStrings.txt = ConnStrings.txt
	EndProjectSection
EndProject
Global
	GlobalSection(SolutionConfigurationPlatforms) = preSolution
		Debug|Any CPU = Debug|Any CPU
		Release|Any CPU = Release|Any CPU
	EndGlobalSection
	GlobalSection(ProjectConfigurationPlatforms) = postSolution
		{704943C1-22F7-4752-AAE2-8F4B9F00A4A9}.Debug|Any CPU.ActiveCfg = Debug|Any CPU
		{704943C1-22F7-4752-AAE2-8F4B9F00A4A9}.Debug|Any CPU.Build.0 = Debug|Any CPU
		{704943C1-22F7-4752-AAE2-8F4B9F00A4A9}.Release|Any CPU.ActiveCfg = Release|Any CPU
		{704943C1-22F7-4752-AAE2-8F4B9F00A4A9}.Release|Any CPU.Build.0 = Release|Any CPU
		{8AED56FA-660F-4BB6-9837-DEA21CF73BDF}.Debug|Any CPU.ActiveCfg = Debug|Any CPU
		{8AED56FA-660F-4BB6-9837-DEA21CF73BDF}.Debug|Any CPU.Build.0 = Debug|Any CPU
		{8AED56FA-660F-4BB6-9837-DEA21CF73BDF}.Release|Any CPU.ActiveCfg = Release|Any CPU
		{8AED56FA-660F-4BB6-9837-DEA21CF73BDF}.Release|Any CPU.Build.0 = Release|Any CPU
	EndGlobalSection
	GlobalSection(SolutionProperties) = preSolution
		HideSolutionNode = FALSE
	EndGlobalSection
EndGlobal
